
Microsoft Visual Studio Solution File, Format Version 12.00
# Visual Studio Version 16
VisualStudioVersion = 16.0.32510.428
MinimumVisualStudioVersion = 10.0.40219.1
Project("{FAE04EC0-301F-11D3-BF4B-00C04F79EFBC}") = "WebApplication1", "WebApplication1\WebApplication1.csproj", "{6999E3C6-14D4-446D-9224-9C3306DA6DC4}"
EndProject
Global
	GlobalSection(SolutionConfigurationPlatforms) = preSolution
		Debug|Any CPU = Debug|Any CPU
		Release|Any CPU = Release|Any CPU
	EndGlobalSection
	GlobalSection(ProjectConfigurationPlatforms) = postSolution
		{6999E3C6-14D4-446D-9224-9C3306DA6DC4}.Debug|Any CPU.ActiveCfg = Debug|Any CPU
		{6999E3C6-14D4-446D-9224-9C3306DA6DC4}.Debug|Any CPU.Build.0 = Debug|Any CPU
		{6999E3C6-14D4-446D-9224-9C3306DA6DC4}.Release|Any CPU.ActiveCfg = Release|Any CPU
		{6999E3C6-14D4-446D-9224-9C3306DA6DC4}.Release|Any CPU.Build.0 = Release|Any CPU
	EndGlobalSection
	GlobalSection(SolutionProperties) = preSolution
		HideSolutionNode = FALSE
	EndGlobalSection
	GlobalSection(ExtensibilityGlobals) = postSolution
		SolutionGuid = {7748E0B3-8780-457C-8DAB-8F41A010D6EF}
	EndGlobalSection
EndGlobal
